
Microsoft Visual Studio Solution File, Format Version 12.00
# Visual Studio 15
VisualStudioVersion = 15.0.26730.10
MinimumVisualStudioVersion = 10.0.40219.1
Project("{FAE04EC0-301F-11D3-BF4B-00C04F79EFBC}") = "Fornax.Net", "Fornax.Net\Fornax.Net.csproj", "{F158B5C6-4F5D-4E89-A1CF-B6FC3F69156C}"
EndProject
Project("{FAE04EC0-301F-11D3-BF4B-00C04F79EFBC}") = "Fornax.Psaximo", "Fornax.Psaximo\Fornax.Psaximo.csproj", "{EE5975AA-1470-4297-A450-FC7EE9104D78}"
EndProject
Global
	GlobalSection(SolutionConfigurationPlatforms) = preSolution
		Debug|Any CPU = Debug|Any CPU
		Release|Any CPU = Release|Any CPU
	EndGlobalSection
	GlobalSection(ProjectConfigurationPlatforms) = postSolution
		{F158B5C6-4F5D-4E89-A1CF-B6FC3F69156C}.Debug|Any CPU.ActiveCfg = Debug|Any CPU
		{F158B5C6-4F5D-4E89-A1CF-B6FC3F69156C}.Debug|Any CPU.Build.0 = Debug|Any CPU
		{F158B5C6-4F5D-4E89-A1CF-B6FC3F69156C}.Release|Any CPU.ActiveCfg = Release|Any CPU
		{F158B5C6-4F5D-4E89-A1CF-B6FC3F69156C}.Release|Any CPU.Build.0 = Release|Any CPU
		{EE5975AA-1470-4297-A450-FC7EE9104D78}.Debug|Any CPU.ActiveCfg = Debug|Any CPU
		{EE5975AA-1470-4297-A450-FC7EE9104D78}.Debug|Any CPU.Build.0 = Debug|Any CPU
		{EE5975AA-1470-4297-A450-FC7EE9104D78}.Release|Any CPU.ActiveCfg = Release|Any CPU
		{EE5975AA-1470-4297-A450-FC7EE9104D78}.Release|Any CPU.Build.0 = Release|Any CPU
	EndGlobalSection
	GlobalSection(SolutionProperties) = preSolution
		HideSolutionNode = FALSE
	EndGlobalSection
	GlobalSection(ExtensibilityGlobals) = postSolution
		SolutionGuid = {BE4B4FFF-2C2B-4085-980E-419E66D8F6EC}
	EndGlobalSection
EndGlobal
